{
  "name": "dve-itemmaker",
  "version": "0.0.0",
  "lockfileVersion": 2,
  "requires": true,
  "packages": {
    "": {
      "name": "dve-itemmaker",
      "version": "0.0.0",
      "license": "ISC",
      "dependencies": {
        "babylonjs": "^5.17.1"
      }
    },
    "node_modules/babylonjs": {
      "version": "5.17.1",
      "resolved": "https://registry.npmjs.org/babylonjs/-/babylonjs-5.17.1.tgz",
      "integrity": "sha512-YzzIeR/dHKnAlax1ftq++61l2d1WuzDFnVlhUjmKtTdEcDQwHhsBVb9O4+D9PTXhW2iMclEFPEwwOYRv4UmCFA==",
      "hasInstallScript": true
    }
  },
  "dependencies": {
    "babylonjs": {
      "version": "5.17.1",
      "resolved": "https://registry.npmjs.org/babylonjs/-/babylonjs-5.17.1.tgz",
      "integrity": "sha512-YzzIeR/dHKnAlax1ftq++61l2d1WuzDFnVlhUjmKtTdEcDQwHhsBVb9O4+D9PTXhW2iMclEFPEwwOYRv4UmCFA=="
    }
  }
}
